
Microsoft Visual Studio Solution File, Format Version 12.00
Project("{FAE04EC0-301F-11D3-BF4B-00C04F79EFBC}") = "VaporServer", "VaporServer\VaporServer.csproj", "{B508FC99-EE83-4B9F-92BA-82A6B0D3430F}"
EndProject
Project("{FAE04EC0-301F-11D3-BF4B-00C04F79EFBC}") = "VaporCliente", "VaporCliente\VaporCliente.csproj", "{A391D7D9-A881-4715-90E8-825A25F4A2DA}"
EndProject
Global
	GlobalSection(SolutionConfigurationPlatforms) = preSolution
		Debug|Any CPU = Debug|Any CPU
		Release|Any CPU = Release|Any CPU
	EndGlobalSection
	GlobalSection(ProjectConfigurationPlatforms) = postSolution
		{B508FC99-EE83-4B9F-92BA-82A6B0D3430F}.Debug|Any CPU.ActiveCfg = Debug|Any CPU
		{B508FC99-EE83-4B9F-92BA-82A6B0D3430F}.Debug|Any CPU.Build.0 = Debug|Any CPU
		{B508FC99-EE83-4B9F-92BA-82A6B0D3430F}.Release|Any CPU.ActiveCfg = Release|Any CPU
		{B508FC99-EE83-4B9F-92BA-82A6B0D3430F}.Release|Any CPU.Build.0 = Release|Any CPU
		{A391D7D9-A881-4715-90E8-825A25F4A2DA}.Debug|Any CPU.ActiveCfg = Debug|Any CPU
		{A391D7D9-A881-4715-90E8-825A25F4A2DA}.Debug|Any CPU.Build.0 = Debug|Any CPU
		{A391D7D9-A881-4715-90E8-825A25F4A2DA}.Release|Any CPU.ActiveCfg = Release|Any CPU
		{A391D7D9-A881-4715-90E8-825A25F4A2DA}.Release|Any CPU.Build.0 = Release|Any CPU
	EndGlobalSection
EndGlobal
